
Microsoft Visual Studio Solution File, Format Version 12.00
# Visual Studio Version 17
VisualStudioVersion = 17.0.31912.275
MinimumVisualStudioVersion = 10.0.40219.1
Project("{FAE04EC0-301F-11D3-BF4B-00C04F79EFBC}") = "HypotheticalBrowser", "HypotheticalBrowser\HypotheticalBrowser.csproj", "{9ED424B9-F313-4056-8953-13A9D1B97192}"
EndProject
Project("{2150E333-8FDC-42A3-9474-1A3956D46DE8}") = "Documents", "Documents", "{F983B16E-052E-47FC-8F9B-A93A73B39162}"
	ProjectSection(SolutionItems) = preProject
		Audio.md = Audio.md
		Autofill.md = Autofill.md
		Autrhentication.md = Autrhentication.md
		BasicBrowser.md = BasicBrowser.md
		Bookmarks.md = Bookmarks.md
		BuildGuide.md = BuildGuide.md
		Certificate.md = Certificate.md
		DARE.md = DARE.md
		Distribution.md = Distribution.md
		EARL.md = EARL.md
		InstallationGuide.md = InstallationGuide.md
		License.md = License.md
		ReadMe.md = ReadMe.md
	EndProjectSection
EndProject
Global
	GlobalSection(SolutionConfigurationPlatforms) = preSolution
		Debug|Any CPU = Debug|Any CPU
		Release|Any CPU = Release|Any CPU
	EndGlobalSection
	GlobalSection(ProjectConfigurationPlatforms) = postSolution
		{9ED424B9-F313-4056-8953-13A9D1B97192}.Debug|Any CPU.ActiveCfg = Debug|Any CPU
		{9ED424B9-F313-4056-8953-13A9D1B97192}.Debug|Any CPU.Build.0 = Debug|Any CPU
		{9ED424B9-F313-4056-8953-13A9D1B97192}.Release|Any CPU.ActiveCfg = Release|Any CPU
		{9ED424B9-F313-4056-8953-13A9D1B97192}.Release|Any CPU.Build.0 = Release|Any CPU
	EndGlobalSection
	GlobalSection(SolutionProperties) = preSolution
		HideSolutionNode = FALSE
	EndGlobalSection
	GlobalSection(ExtensibilityGlobals) = postSolution
		SolutionGuid = {EDBAE66D-5C90-42B1-AAE9-709739D8D1D4}
	EndGlobalSection
EndGlobal
