
Microsoft Visual Studio Solution File, Format Version 12.00
# Visual Studio Version 17
VisualStudioVersion = 17.0.31912.275
MinimumVisualStudioVersion = 10.0.40219.1
Project("{FAE04EC0-301F-11D3-BF4B-00C04F79EFBC}") = "HypotheticalBrowser", "HypotheticalBrowser\HypotheticalBrowser.csproj", "{9ED424B9-F313-4056-8953-13A9D1B97192}"
EndProject
Project("{2150E333-8FDC-42A3-9474-1A3956D46DE8}") = "Documents", "Documents", "{F983B16E-052E-47FC-8F9B-A93A73B39162}"
	ProjectSection(SolutionItems) = preProject
		Documents\Authentication.md = Documents\Authentication.md
		Documents\Autofill.md = Documents\Autofill.md
		Documents\BasicBrowser.md = Documents\BasicBrowser.md
		Documents\Bookmarks.md = Documents\Bookmarks.md
		Documents\BuildGuide.md = Documents\BuildGuide.md
		Documents\Certificate.md = Documents\Certificate.md
		Documents\DARE.md = Documents\DARE.md
		Documents\Distribution.md = Documents\Distribution.md
		Documents\EARL.md = Documents\EARL.md
		Documents\GitHubPage.png = Documents\GitHubPage.png
		Documents\Implementation.md = Documents\Implementation.md
		Documents\InstallationGuide.md = Documents\InstallationGuide.md
		License.md = License.md
		ReadMe.md = ReadMe.md
		Documents\SiteProfile.md = Documents\SiteProfile.md
	EndProjectSection
EndProject
Global
	GlobalSection(SolutionConfigurationPlatforms) = preSolution
		Debug|Any CPU = Debug|Any CPU
		Release|Any CPU = Release|Any CPU
	EndGlobalSection
	GlobalSection(ProjectConfigurationPlatforms) = postSolution
		{9ED424B9-F313-4056-8953-13A9D1B97192}.Debug|Any CPU.ActiveCfg = Debug|Any CPU
		{9ED424B9-F313-4056-8953-13A9D1B97192}.Debug|Any CPU.Build.0 = Debug|Any CPU
		{9ED424B9-F313-4056-8953-13A9D1B97192}.Release|Any CPU.ActiveCfg = Release|Any CPU
		{9ED424B9-F313-4056-8953-13A9D1B97192}.Release|Any CPU.Build.0 = Release|Any CPU
	EndGlobalSection
	GlobalSection(SolutionProperties) = preSolution
		HideSolutionNode = FALSE
	EndGlobalSection
	GlobalSection(ExtensibilityGlobals) = postSolution
		SolutionGuid = {EDBAE66D-5C90-42B1-AAE9-709739D8D1D4}
	EndGlobalSection
EndGlobal
